// !$*UTF8*$!
{
	archiveVersion = 1;
	classes = {
	};
	objectVersion = 56;
	objects = {

/* Begin PBXBuildFile section */
		1C9178A42AF50F6F003D84B1 /* extension + UIImage.swift in Sources */ = {isa = PBXBuildFile; fileRef = 1C9178A32AF50F6F003D84B1 /* extension + UIImage.swift */; };
		1C9178A72AF627D1003D84B1 /* OrderViewController.swift in Sources */ = {isa = PBXBuildFile; fileRef = 1C9178A62AF627D1003D84B1 /* OrderViewController.swift */; };
		1C9178AA2AF627DC003D84B1 /* OrderView.swift in Sources */ = {isa = PBXBuildFile; fileRef = 1C9178A92AF627DC003D84B1 /* OrderView.swift */; };
		1C9178AD2AF62B04003D84B1 /* AnimatedTextField.swift in Sources */ = {isa = PBXBuildFile; fileRef = 1C9178AC2AF62B03003D84B1 /* AnimatedTextField.swift */; };
		1C9178AF2AF62FD9003D84B1 /* extension + String.swift in Sources */ = {isa = PBXBuildFile; fileRef = 1C9178AE2AF62FD9003D84B1 /* extension + String.swift */; };
		1C9178B32AF6445F003D84B1 /* HistoryViewController.swift in Sources */ = {isa = PBXBuildFile; fileRef = 1C9178B22AF6445F003D84B1 /* HistoryViewController.swift */; };
		1C9178B52AF64469003D84B1 /* HistoryView.swift in Sources */ = {isa = PBXBuildFile; fileRef = 1C9178B42AF64469003D84B1 /* HistoryView.swift */; };
		1C9178B82AF64CD9003D84B1 /* BagBottomScreenViewController.swift in Sources */ = {isa = PBXBuildFile; fileRef = 1C9178B72AF64CD9003D84B1 /* BagBottomScreenViewController.swift */; };
		1C9178BB2AF64D28003D84B1 /* BagBottomView.swift in Sources */ = {isa = PBXBuildFile; fileRef = 1C9178BA2AF64D28003D84B1 /* BagBottomView.swift */; };
		1C9178BE2AF79AA5003D84B1 /* MainViewModel.swift in Sources */ = {isa = PBXBuildFile; fileRef = 1C9178BD2AF79AA5003D84B1 /* MainViewModel.swift */; };
		1C9178C12AF79B2A003D84B1 /* Service.swift in Sources */ = {isa = PBXBuildFile; fileRef = 1C9178C02AF79B2A003D84B1 /* Service.swift */; };
		1C9178C42AF8E0CA003D84B1 /* Kingfisher in Frameworks */ = {isa = PBXBuildFile; productRef = 1C9178C32AF8E0CA003D84B1 /* Kingfisher */; };
		1C9BE7762AFA0E770036E33D /* OrderViewModel.swift in Sources */ = {isa = PBXBuildFile; fileRef = 1C9BE7752AFA0E770036E33D /* OrderViewModel.swift */; };
		1C9BE7782AFA1CC10036E33D /* CustomHistoryCell.swift in Sources */ = {isa = PBXBuildFile; fileRef = 1C9BE7772AFA1CC10036E33D /* CustomHistoryCell.swift */; };
		1C9BE77A2AFA22A30036E33D /* HistoryViewModel.swift in Sources */ = {isa = PBXBuildFile; fileRef = 1C9BE7792AFA22A30036E33D /* HistoryViewModel.swift */; };
		1CA29E232AF3AA1000457629 /* CoreDataStack.swift in Sources */ = {isa = PBXBuildFile; fileRef = 1CA29E222AF3AA1000457629 /* CoreDataStack.swift */; };
		1CA29E252AF3AD5D00457629 /* extension + UIViewController.swift in Sources */ = {isa = PBXBuildFile; fileRef = 1CA29E242AF3AD5D00457629 /* extension + UIViewController.swift */; };
		1CBF5FFD2AF3B57000647233 /* BagViewController.swift in Sources */ = {isa = PBXBuildFile; fileRef = 1CBF5FFC2AF3B57000647233 /* BagViewController.swift */; };
		1CBF60002AF3B58E00647233 /* BagView.swift in Sources */ = {isa = PBXBuildFile; fileRef = 1CBF5FFF2AF3B58E00647233 /* BagView.swift */; };
		1CBF60022AF3BDBF00647233 /* CustomBagCell.swift in Sources */ = {isa = PBXBuildFile; fileRef = 1CBF60012AF3BDBF00647233 /* CustomBagCell.swift */; };
		1CCCCBCD2AFB7E95008F33F1 /* OrderAlertView.swift in Sources */ = {isa = PBXBuildFile; fileRef = 1CCCCBCC2AFB7E95008F33F1 /* OrderAlertView.swift */; };
		1CCCCBD02AFCB894008F33F1 /* HistoryBottomSheet.swift in Sources */ = {isa = PBXBuildFile; fileRef = 1CCCCBCF2AFCB894008F33F1 /* HistoryBottomSheet.swift */; };
		1CCCCBD22AFCDB83008F33F1 /* CustomHistoryBottomCell.swift in Sources */ = {isa = PBXBuildFile; fileRef = 1CCCCBD12AFCDB83008F33F1 /* CustomHistoryBottomCell.swift */; };
		1CCCCBD52AFCF89B008F33F1 /* Reachability in Frameworks */ = {isa = PBXBuildFile; productRef = 1CCCCBD42AFCF89B008F33F1 /* Reachability */; };
		1CCCCBD72AFCFD02008F33F1 /* MainAlertView.swift in Sources */ = {isa = PBXBuildFile; fileRef = 1CCCCBD62AFCFD02008F33F1 /* MainAlertView.swift */; };
		1CCCCBD92AFD05C6008F33F1 /* BagAlertView.swift in Sources */ = {isa = PBXBuildFile; fileRef = 1CCCCBD82AFD05C6008F33F1 /* BagAlertView.swift */; };
		1CCF7A1D2AEA54D800231B31 /* AppDelegate.swift in Sources */ = {isa = PBXBuildFile; fileRef = 1CCF7A1C2AEA54D800231B31 /* AppDelegate.swift */; };
		1CCF7A1F2AEA54D800231B31 /* SceneDelegate.swift in Sources */ = {isa = PBXBuildFile; fileRef = 1CCF7A1E2AEA54D800231B31 /* SceneDelegate.swift */; };
		1CCF7A212AEA54D800231B31 /* MainViewController.swift in Sources */ = {isa = PBXBuildFile; fileRef = 1CCF7A202AEA54D800231B31 /* MainViewController.swift */; };
		1CCF7A262AEA54D900231B31 /* Assets.xcassets in Resources */ = {isa = PBXBuildFile; fileRef = 1CCF7A252AEA54D900231B31 /* Assets.xcassets */; };
		1CCF7A292AEA54D900231B31 /* LaunchScreen.storyboard in Resources */ = {isa = PBXBuildFile; fileRef = 1CCF7A272AEA54D900231B31 /* LaunchScreen.storyboard */; };
		1CCF7A332AEA8C5C00231B31 /* MainView.swift in Sources */ = {isa = PBXBuildFile; fileRef = 1CCF7A322AEA8C5C00231B31 /* MainView.swift */; };
		1CCF7A372AEB7F3D00231B31 /* SnapKit in Frameworks */ = {isa = PBXBuildFile; productRef = 1CCF7A362AEB7F3D00231B31 /* SnapKit */; };
		1CCF7A3A2AEB7FDD00231B31 /* extension + UIColor.swift in Sources */ = {isa = PBXBuildFile; fileRef = 1CCF7A392AEB7FDD00231B31 /* extension + UIColor.swift */; };
		1CCF7A3F2AEB819E00231B31 /* extension + UIFont.swift in Sources */ = {isa = PBXBuildFile; fileRef = 1CCF7A3E2AEB819E00231B31 /* extension + UIFont.swift */; };
		1CCF7A552AEB826300231B31 /* TT Norms Pro ExtraBlack Italic.otf in Resources */ = {isa = PBXBuildFile; fileRef = 1CCF7A432AEB826200231B31 /* TT Norms Pro ExtraBlack Italic.otf */; };
		1CCF7A562AEB826300231B31 /* TT Norms Pro ExtraLight Italic.otf in Resources */ = {isa = PBXBuildFile; fileRef = 1CCF7A442AEB826200231B31 /* TT Norms Pro ExtraLight Italic.otf */; };
		1CCF7A572AEB826300231B31 /* TT Norms Pro Light.otf in Resources */ = {isa = PBXBuildFile; fileRef = 1CCF7A452AEB826200231B31 /* TT Norms Pro Light.otf */; };
		1CCF7A582AEB826300231B31 /* TT Norms Pro ExtraBold Italic.otf in Resources */ = {isa = PBXBuildFile; fileRef = 1CCF7A462AEB826300231B31 /* TT Norms Pro ExtraBold Italic.otf */; };
		1CCF7A592AEB826300231B31 /* TT Norms Pro Regular.otf in Resources */ = {isa = PBXBuildFile; fileRef = 1CCF7A472AEB826300231B31 /* TT Norms Pro Regular.otf */; };
		1CCF7A5A2AEB826300231B31 /* TT Norms Pro Italic.otf in Resources */ = {isa = PBXBuildFile; fileRef = 1CCF7A482AEB826300231B31 /* TT Norms Pro Italic.otf */; };
		1CCF7A5B2AEB826300231B31 /* TT Norms Pro Thin.otf in Resources */ = {isa = PBXBuildFile; fileRef = 1CCF7A492AEB826300231B31 /* TT Norms Pro Thin.otf */; };
		1CCF7A5C2AEB826300231B31 /* TT Norms Pro Medium.otf in Resources */ = {isa = PBXBuildFile; fileRef = 1CCF7A4A2AEB826300231B31 /* TT Norms Pro Medium.otf */; };
		1CCF7A5D2AEB826300231B31 /* TT Norms Pro ExtraBlack.otf in Resources */ = {isa = PBXBuildFile; fileRef = 1CCF7A4B2AEB826300231B31 /* TT Norms Pro ExtraBlack.otf */; };
		1CCF7A5E2AEB826300231B31 /* TT Norms Pro Bold.otf in Resources */ = {isa = PBXBuildFile; fileRef = 1CCF7A4C2AEB826300231B31 /* TT Norms Pro Bold.otf */; };
		1CCF7A5F2AEB826300231B31 /* TT Norms Pro ExtraBold.otf in Resources */ = {isa = PBXBuildFile; fileRef = 1CCF7A4D2AEB826300231B31 /* TT Norms Pro ExtraBold.otf */; };
		1CCF7A602AEB826300231B31 /* TT Norms Pro ExtraLight.otf in Resources */ = {isa = PBXBuildFile; fileRef = 1CCF7A4E2AEB826300231B31 /* TT Norms Pro ExtraLight.otf */; };
		1CCF7A612AEB826300231B31 /* TT Norms Pro Medium Italic.otf in Resources */ = {isa = PBXBuildFile; fileRef = 1CCF7A4F2AEB826300231B31 /* TT Norms Pro Medium Italic.otf */; };
		1CCF7A622AEB826300231B31 /* TT Norms Pro Thin Italic.otf in Resources */ = {isa = PBXBuildFile; fileRef = 1CCF7A502AEB826300231B31 /* TT Norms Pro Thin Italic.otf */; };
		1CCF7A632AEB826300231B31 /* TT Norms Pro Bold Italic.otf in Resources */ = {isa = PBXBuildFile; fileRef = 1CCF7A512AEB826300231B31 /* TT Norms Pro Bold Italic.otf */; };
		1CCF7A642AEB826300231B31 /* TT Norms Pro Black.otf in Resources */ = {isa = PBXBuildFile; fileRef = 1CCF7A522AEB826300231B31 /* TT Norms Pro Black.otf */; };
		1CCF7A652AEB826300231B31 /* TT Norms Pro Black Italic.otf in Resources */ = {isa = PBXBuildFile; fileRef = 1CCF7A532AEB826300231B31 /* TT Norms Pro Black Italic.otf */; };
		1CCF7A662AEB826300231B31 /* TT Norms Pro Light Italic.otf in Resources */ = {isa = PBXBuildFile; fileRef = 1CCF7A542AEB826300231B31 /* TT Norms Pro Light Italic.otf */; };
		1CCF7A682AEB834000231B31 /* extension + NSObject.swift in Sources */ = {isa = PBXBuildFile; fileRef = 1CCF7A672AEB834000231B31 /* extension + NSObject.swift */; };
		1CCF7A6A2AEB842B00231B31 /* CustomMainViewCell.swift in Sources */ = {isa = PBXBuildFile; fileRef = 1CCF7A692AEB842B00231B31 /* CustomMainViewCell.swift */; };
		1CCF7A6D2AEBC04500231B31 /* ProductModel.swift in Sources */ = {isa = PBXBuildFile; fileRef = 1CCF7A6C2AEBC04500231B31 /* ProductModel.swift */; };
		1CCF7A702AEE426400231B31 /* ListVewController.swift in Sources */ = {isa = PBXBuildFile; fileRef = 1CCF7A6F2AEE426400231B31 /* ListVewController.swift */; };
		1CCF7A732AEE427200231B31 /* ListView.swift in Sources */ = {isa = PBXBuildFile; fileRef = 1CCF7A722AEE427200231B31 /* ListView.swift */; };
		1CCF7A752AEE489200231B31 /* CustomListCell.swift in Sources */ = {isa = PBXBuildFile; fileRef = 1CCF7A742AEE489200231B31 /* CustomListCell.swift */; };
		1CCF7A772AEFC2EC00231B31 /* CustomProductCell.swift in Sources */ = {isa = PBXBuildFile; fileRef = 1CCF7A762AEFC2EC00231B31 /* CustomProductCell.swift */; };
		1CCF7A7A2AF106DF00231B31 /* ProductBottomSheet.swift in Sources */ = {isa = PBXBuildFile; fileRef = 1CCF7A792AF106DF00231B31 /* ProductBottomSheet.swift */; };
		1CCF7A852AF2470100231B31 /* Inter-ExtraLight.ttf in Resources */ = {isa = PBXBuildFile; fileRef = 1CCF7A7C2AF2470000231B31 /* Inter-ExtraLight.ttf */; };
		1CCF7A862AF2470100231B31 /* Inter-Bold.ttf in Resources */ = {isa = PBXBuildFile; fileRef = 1CCF7A7D2AF2470000231B31 /* Inter-Bold.ttf */; };
		1CCF7A872AF2470100231B31 /* Inter-Medium.ttf in Resources */ = {isa = PBXBuildFile; fileRef = 1CCF7A7E2AF2470000231B31 /* Inter-Medium.ttf */; };
		1CCF7A882AF2470100231B31 /* Inter-Thin.ttf in Resources */ = {isa = PBXBuildFile; fileRef = 1CCF7A7F2AF2470000231B31 /* Inter-Thin.ttf */; };
		1CCF7A892AF2470100231B31 /* Inter-ExtraBold.ttf in Resources */ = {isa = PBXBuildFile; fileRef = 1CCF7A802AF2470000231B31 /* Inter-ExtraBold.ttf */; };
		1CCF7A8A2AF2470100231B31 /* Inter-SemiBold.ttf in Resources */ = {isa = PBXBuildFile; fileRef = 1CCF7A812AF2470000231B31 /* Inter-SemiBold.ttf */; };
		1CCF7A8B2AF2470100231B31 /* Inter-Regular.ttf in Resources */ = {isa = PBXBuildFile; fileRef = 1CCF7A822AF2470100231B31 /* Inter-Regular.ttf */; };
		1CCF7A8C2AF2470100231B31 /* Inter-Light.ttf in Resources */ = {isa = PBXBuildFile; fileRef = 1CCF7A832AF2470100231B31 /* Inter-Light.ttf */; };
		1CCF7A8D2AF2470100231B31 /* Inter-Black.ttf in Resources */ = {isa = PBXBuildFile; fileRef = 1CCF7A842AF2470100231B31 /* Inter-Black.ttf */; };
		1CCF7A902AF266C500231B31 /* Model.xcdatamodeld in Sources */ = {isa = PBXBuildFile; fileRef = 1CCF7A8E2AF266C500231B31 /* Model.xcdatamodeld */; };
		1CCF7A932AF27F2D00231B31 /* TabbarController.swift in Sources */ = {isa = PBXBuildFile; fileRef = 1CCF7A922AF27F2D00231B31 /* TabbarController.swift */; };
		1CCF7A962AF286A400231B31 /* InfoViewController.swift in Sources */ = {isa = PBXBuildFile; fileRef = 1CCF7A952AF286A400231B31 /* InfoViewController.swift */; };
		1CCF7A992AF286F900231B31 /* InfoView.swift in Sources */ = {isa = PBXBuildFile; fileRef = 1CCF7A982AF286F900231B31 /* InfoView.swift */; };
/* End PBXBuildFile section */

/* Begin PBXFileReference section */
		1C9178A32AF50F6F003D84B1 /* extension + UIImage.swift */ = {isa = PBXFileReference; lastKnownFileType = sourcecode.swift; path = "extension + UIImage.swift"; sourceTree = "<group>"; };
		1C9178A62AF627D1003D84B1 /* OrderViewController.swift */ = {isa = PBXFileReference; lastKnownFileType = sourcecode.swift; path = OrderViewController.swift; sourceTree = "<group>"; };
		1C9178A92AF627DC003D84B1 /* OrderView.swift */ = {isa = PBXFileReference; lastKnownFileType = sourcecode.swift; path = OrderView.swift; sourceTree = "<group>"; };
		1C9178AC2AF62B03003D84B1 /* AnimatedTextField.swift */ = {isa = PBXFileReference; lastKnownFileType = sourcecode.swift; path = AnimatedTextField.swift; sourceTree = "<group>"; };
		1C9178AE2AF62FD9003D84B1 /* extension + String.swift */ = {isa = PBXFileReference; lastKnownFileType = sourcecode.swift; path = "extension + String.swift"; sourceTree = "<group>"; };
		1C9178B22AF6445F003D84B1 /* HistoryViewController.swift */ = {isa = PBXFileReference; lastKnownFileType = sourcecode.swift; path = HistoryViewController.swift; sourceTree = "<group>"; };
		1C9178B42AF64469003D84B1 /* HistoryView.swift */ = {isa = PBXFileReference; lastKnownFileType = sourcecode.swift; path = HistoryView.swift; sourceTree = "<group>"; };
		1C9178B72AF64CD9003D84B1 /* BagBottomScreenViewController.swift */ = {isa = PBXFileReference; lastKnownFileType = sourcecode.swift; path = BagBottomScreenViewController.swift; sourceTree = "<group>"; };
		1C9178BA2AF64D28003D84B1 /* BagBottomView.swift */ = {isa = PBXFileReference; lastKnownFileType = sourcecode.swift; path = BagBottomView.swift; sourceTree = "<group>"; };
		1C9178BD2AF79AA5003D84B1 /* MainViewModel.swift */ = {isa = PBXFileReference; lastKnownFileType = sourcecode.swift; path = MainViewModel.swift; sourceTree = "<group>"; };
		1C9178C02AF79B2A003D84B1 /* Service.swift */ = {isa = PBXFileReference; lastKnownFileType = sourcecode.swift; path = Service.swift; sourceTree = "<group>"; };
		1C9BE7752AFA0E770036E33D /* OrderViewModel.swift */ = {isa = PBXFileReference; lastKnownFileType = sourcecode.swift; path = OrderViewModel.swift; sourceTree = "<group>"; };
		1C9BE7772AFA1CC10036E33D /* CustomHistoryCell.swift */ = {isa = PBXFileReference; lastKnownFileType = sourcecode.swift; path = CustomHistoryCell.swift; sourceTree = "<group>"; };
		1C9BE7792AFA22A30036E33D /* HistoryViewModel.swift */ = {isa = PBXFileReference; lastKnownFileType = sourcecode.swift; path = HistoryViewModel.swift; sourceTree = "<group>"; };
		1CA29E222AF3AA1000457629 /* CoreDataStack.swift */ = {isa = PBXFileReference; lastKnownFileType = sourcecode.swift; path = CoreDataStack.swift; sourceTree = "<group>"; };
		1CA29E242AF3AD5D00457629 /* extension + UIViewController.swift */ = {isa = PBXFileReference; lastKnownFileType = sourcecode.swift; path = "extension + UIViewController.swift"; sourceTree = "<group>"; };
		1CBF5FFC2AF3B57000647233 /* BagViewController.swift */ = {isa = PBXFileReference; lastKnownFileType = sourcecode.swift; path = BagViewController.swift; sourceTree = "<group>"; };
		1CBF5FFF2AF3B58E00647233 /* BagView.swift */ = {isa = PBXFileReference; lastKnownFileType = sourcecode.swift; path = BagView.swift; sourceTree = "<group>"; };
		1CBF60012AF3BDBF00647233 /* CustomBagCell.swift */ = {isa = PBXFileReference; lastKnownFileType = sourcecode.swift; path = CustomBagCell.swift; sourceTree = "<group>"; };
		1CCCCBCC2AFB7E95008F33F1 /* OrderAlertView.swift */ = {isa = PBXFileReference; lastKnownFileType = sourcecode.swift; path = OrderAlertView.swift; sourceTree = "<group>"; };
		1CCCCBCF2AFCB894008F33F1 /* HistoryBottomSheet.swift */ = {isa = PBXFileReference; lastKnownFileType = sourcecode.swift; path = HistoryBottomSheet.swift; sourceTree = "<group>"; };
		1CCCCBD12AFCDB83008F33F1 /* CustomHistoryBottomCell.swift */ = {isa = PBXFileReference; lastKnownFileType = sourcecode.swift; path = CustomHistoryBottomCell.swift; sourceTree = "<group>"; };
		1CCCCBD62AFCFD02008F33F1 /* MainAlertView.swift */ = {isa = PBXFileReference; lastKnownFileType = sourcecode.swift; path = MainAlertView.swift; sourceTree = "<group>"; };
		1CCCCBD82AFD05C6008F33F1 /* BagAlertView.swift */ = {isa = PBXFileReference; lastKnownFileType = sourcecode.swift; path = BagAlertView.swift; sourceTree = "<group>"; };
		1CCF7A192AEA54D800231B31 /* neobis_ecomarket.app */ = {isa = PBXFileReference; explicitFileType = wrapper.application; includeInIndex = 0; path = neobis_ecomarket.app; sourceTree = BUILT_PRODUCTS_DIR; };
		1CCF7A1C2AEA54D800231B31 /* AppDelegate.swift */ = {isa = PBXFileReference; lastKnownFileType = sourcecode.swift; path = AppDelegate.swift; sourceTree = "<group>"; };
		1CCF7A1E2AEA54D800231B31 /* SceneDelegate.swift */ = {isa = PBXFileReference; lastKnownFileType = sourcecode.swift; path = SceneDelegate.swift; sourceTree = "<group>"; };
		1CCF7A202AEA54D800231B31 /* MainViewController.swift */ = {isa = PBXFileReference; lastKnownFileType = sourcecode.swift; path = MainViewController.swift; sourceTree = "<group>"; };
		1CCF7A252AEA54D900231B31 /* Assets.xcassets */ = {isa = PBXFileReference; lastKnownFileType = folder.assetcatalog; path = Assets.xcassets; sourceTree = "<group>"; };
		1CCF7A282AEA54D900231B31 /* Base */ = {isa = PBXFileReference; lastKnownFileType = file.storyboard; name = Base; path = Base.lproj/LaunchScreen.storyboard; sourceTree = "<group>"; };
		1CCF7A2A2AEA54D900231B31 /* Info.plist */ = {isa = PBXFileReference; lastKnownFileType = text.plist.xml; path = Info.plist; sourceTree = "<group>"; };
		1CCF7A322AEA8C5C00231B31 /* MainView.swift */ = {isa = PBXFileReference; lastKnownFileType = sourcecode.swift; path = MainView.swift; sourceTree = "<group>"; };
		1CCF7A392AEB7FDD00231B31 /* extension + UIColor.swift */ = {isa = PBXFileReference; lastKnownFileType = sourcecode.swift; path = "extension + UIColor.swift"; sourceTree = "<group>"; };
		1CCF7A3E2AEB819E00231B31 /* extension + UIFont.swift */ = {isa = PBXFileReference; lastKnownFileType = sourcecode.swift; path = "extension + UIFont.swift"; sourceTree = "<group>"; };
		1CCF7A432AEB826200231B31 /* TT Norms Pro ExtraBlack Italic.otf */ = {isa = PBXFileReference; lastKnownFileType = file; path = "TT Norms Pro ExtraBlack Italic.otf"; sourceTree = "<group>"; };
		1CCF7A442AEB826200231B31 /* TT Norms Pro ExtraLight Italic.otf */ = {isa = PBXFileReference; lastKnownFileType = file; path = "TT Norms Pro ExtraLight Italic.otf"; sourceTree = "<group>"; };
		1CCF7A452AEB826200231B31 /* TT Norms Pro Light.otf */ = {isa = PBXFileReference; lastKnownFileType = file; path = "TT Norms Pro Light.otf"; sourceTree = "<group>"; };
		1CCF7A462AEB826300231B31 /* TT Norms Pro ExtraBold Italic.otf */ = {isa = PBXFileReference; lastKnownFileType = file; path = "TT Norms Pro ExtraBold Italic.otf"; sourceTree = "<group>"; };
		1CCF7A472AEB826300231B31 /* TT Norms Pro Regular.otf */ = {isa = PBXFileReference; lastKnownFileType = file; path = "TT Norms Pro Regular.otf"; sourceTree = "<group>"; };
		1CCF7A482AEB826300231B31 /* TT Norms Pro Italic.otf */ = {isa = PBXFileReference; lastKnownFileType = file; path = "TT Norms Pro Italic.otf"; sourceTree = "<group>"; };
		1CCF7A492AEB826300231B31 /* TT Norms Pro Thin.otf */ = {isa = PBXFileReference; lastKnownFileType = file; path = "TT Norms Pro Thin.otf"; sourceTree = "<group>"; };
		1CCF7A4A2AEB826300231B31 /* TT Norms Pro Medium.otf */ = {isa = PBXFileReference; lastKnownFileType = file; path = "TT Norms Pro Medium.otf"; sourceTree = "<group>"; };
		1CCF7A4B2AEB826300231B31 /* TT Norms Pro ExtraBlack.otf */ = {isa = PBXFileReference; lastKnownFileType = file; path = "TT Norms Pro ExtraBlack.otf"; sourceTree = "<group>"; };
		1CCF7A4C2AEB826300231B31 /* TT Norms Pro Bold.otf */ = {isa = PBXFileReference; lastKnownFileType = file; path = "TT Norms Pro Bold.otf"; sourceTree = "<group>"; };
		1CCF7A4D2AEB826300231B31 /* TT Norms Pro ExtraBold.otf */ = {isa = PBXFileReference; lastKnownFileType = file; path = "TT Norms Pro ExtraBold.otf"; sourceTree = "<group>"; };
		1CCF7A4E2AEB826300231B31 /* TT Norms Pro ExtraLight.otf */ = {isa = PBXFileReference; lastKnownFileType = file; path = "TT Norms Pro ExtraLight.otf"; sourceTree = "<group>"; };
		1CCF7A4F2AEB826300231B31 /* TT Norms Pro Medium Italic.otf */ = {isa = PBXFileReference; lastKnownFileType = file; path = "TT Norms Pro Medium Italic.otf"; sourceTree = "<group>"; };
		1CCF7A502AEB826300231B31 /* TT Norms Pro Thin Italic.otf */ = {isa = PBXFileReference; lastKnownFileType = file; path = "TT Norms Pro Thin Italic.otf"; sourceTree = "<group>"; };
		1CCF7A512AEB826300231B31 /* TT Norms Pro Bold Italic.otf */ = {isa = PBXFileReference; lastKnownFileType = file; path = "TT Norms Pro Bold Italic.otf"; sourceTree = "<group>"; };
		1CCF7A522AEB826300231B31 /* TT Norms Pro Black.otf */ = {isa = PBXFileReference; lastKnownFileType = file; path = "TT Norms Pro Black.otf"; sourceTree = "<group>"; };
		1CCF7A532AEB826300231B31 /* TT Norms Pro Black Italic.otf */ = {isa = PBXFileReference; lastKnownFileType = file; path = "TT Norms Pro Black Italic.otf"; sourceTree = "<group>"; };
		1CCF7A542AEB826300231B31 /* TT Norms Pro Light Italic.otf */ = {isa = PBXFileReference; lastKnownFileType = file; path = "TT Norms Pro Light Italic.otf"; sourceTree = "<group>"; };
		1CCF7A672AEB834000231B31 /* extension + NSObject.swift */ = {isa = PBXFileReference; lastKnownFileType = sourcecode.swift; path = "extension + NSObject.swift"; sourceTree = "<group>"; };
		1CCF7A692AEB842B00231B31 /* CustomMainViewCell.swift */ = {isa = PBXFileReference; lastKnownFileType = sourcecode.swift; path = CustomMainViewCell.swift; sourceTree = "<group>"; };
		1CCF7A6C2AEBC04500231B31 /* ProductModel.swift */ = {isa = PBXFileReference; lastKnownFileType = sourcecode.swift; path = ProductModel.swift; sourceTree = "<group>"; };
		1CCF7A6F2AEE426400231B31 /* ListVewController.swift */ = {isa = PBXFileReference; lastKnownFileType = sourcecode.swift; path = ListVewController.swift; sourceTree = "<group>"; };
		1CCF7A722AEE427200231B31 /* ListView.swift */ = {isa = PBXFileReference; lastKnownFileType = sourcecode.swift; path = ListView.swift; sourceTree = "<group>"; };
		1CCF7A742AEE489200231B31 /* CustomListCell.swift */ = {isa = PBXFileReference; lastKnownFileType = sourcecode.swift; path = CustomListCell.swift; sourceTree = "<group>"; };
		1CCF7A762AEFC2EC00231B31 /* CustomProductCell.swift */ = {isa = PBXFileReference; lastKnownFileType = sourcecode.swift; path = CustomProductCell.swift; sourceTree = "<group>"; };
		1CCF7A792AF106DF00231B31 /* ProductBottomSheet.swift */ = {isa = PBXFileReference; lastKnownFileType = sourcecode.swift; path = ProductBottomSheet.swift; sourceTree = "<group>"; };
		1CCF7A7C2AF2470000231B31 /* Inter-ExtraLight.ttf */ = {isa = PBXFileReference; lastKnownFileType = file; path = "Inter-ExtraLight.ttf"; sourceTree = "<group>"; };
		1CCF7A7D2AF2470000231B31 /* Inter-Bold.ttf */ = {isa = PBXFileReference; lastKnownFileType = file; path = "Inter-Bold.ttf"; sourceTree = "<group>"; };
		1CCF7A7E2AF2470000231B31 /* Inter-Medium.ttf */ = {isa = PBXFileReference; lastKnownFileType = file; path = "Inter-Medium.ttf"; sourceTree = "<group>"; };
		1CCF7A7F2AF2470000231B31 /* Inter-Thin.ttf */ = {isa = PBXFileReference; lastKnownFileType = file; path = "Inter-Thin.ttf"; sourceTree = "<group>"; };
		1CCF7A802AF2470000231B31 /* Inter-ExtraBold.ttf */ = {isa = PBXFileReference; lastKnownFileType = file; path = "Inter-ExtraBold.ttf"; sourceTree = "<group>"; };
		1CCF7A812AF2470000231B31 /* Inter-SemiBold.ttf */ = {isa = PBXFileReference; lastKnownFileType = file; path = "Inter-SemiBold.ttf"; sourceTree = "<group>"; };
		1CCF7A822AF2470100231B31 /* Inter-Regular.ttf */ = {isa = PBXFileReference; lastKnownFileType = file; path = "Inter-Regular.ttf"; sourceTree = "<group>"; };
		1CCF7A832AF2470100231B31 /* Inter-Light.ttf */ = {isa = PBXFileReference; lastKnownFileType = file; path = "Inter-Light.ttf"; sourceTree = "<group>"; };
		1CCF7A842AF2470100231B31 /* Inter-Black.ttf */ = {isa = PBXFileReference; lastKnownFileType = file; path = "Inter-Black.ttf"; sourceTree = "<group>"; };
		1CCF7A8F2AF266C500231B31 /* Model.xcdatamodel */ = {isa = PBXFileReference; lastKnownFileType = wrapper.xcdatamodel; path = Model.xcdatamodel; sourceTree = "<group>"; };
		1CCF7A922AF27F2D00231B31 /* TabbarController.swift */ = {isa = PBXFileReference; lastKnownFileType = sourcecode.swift; path = TabbarController.swift; sourceTree = "<group>"; };
		1CCF7A952AF286A400231B31 /* InfoViewController.swift */ = {isa = PBXFileReference; lastKnownFileType = sourcecode.swift; path = InfoViewController.swift; sourceTree = "<group>"; };
		1CCF7A982AF286F900231B31 /* InfoView.swift */ = {isa = PBXFileReference; lastKnownFileType = sourcecode.swift; path = InfoView.swift; sourceTree = "<group>"; };
/* End PBXFileReference section */

/* Begin PBXFrameworksBuildPhase section */
		1CCF7A162AEA54D800231B31 /* Frameworks */ = {
			isa = PBXFrameworksBuildPhase;
			buildActionMask = 2147483647;
			files = (
				1C9178C42AF8E0CA003D84B1 /* Kingfisher in Frameworks */,
				1CCCCBD52AFCF89B008F33F1 /* Reachability in Frameworks */,
				1CCF7A372AEB7F3D00231B31 /* SnapKit in Frameworks */,
			);
			runOnlyForDeploymentPostprocessing = 0;
		};
/* End PBXFrameworksBuildPhase section */

/* Begin PBXGroup section */
		1C9178A52AF627AD003D84B1 /* OrderScreen */ = {
			isa = PBXGroup;
			children = (
				1C9178A62AF627D1003D84B1 /* OrderViewController.swift */,
				1C9BE7752AFA0E770036E33D /* OrderViewModel.swift */,
				1C9178A82AF627D5003D84B1 /* View */,
			);
			path = OrderScreen;
			sourceTree = "<group>";
		};
		1C9178A82AF627D5003D84B1 /* View */ = {
			isa = PBXGroup;
			children = (
				1C9178A92AF627DC003D84B1 /* OrderView.swift */,
				1CCCCBCC2AFB7E95008F33F1 /* OrderAlertView.swift */,
			);
			path = View;
			sourceTree = "<group>";
		};
		1C9178AB2AF62AF3003D84B1 /* CustomTextField */ = {
			isa = PBXGroup;
			children = (
				1C9178AC2AF62B03003D84B1 /* AnimatedTextField.swift */,
			);
			path = CustomTextField;
			sourceTree = "<group>";
		};
		1C9178B02AF64444003D84B1 /* HistoryScreen */ = {
			isa = PBXGroup;
			children = (
				1C9178B22AF6445F003D84B1 /* HistoryViewController.swift */,
				1C9BE7792AFA22A30036E33D /* HistoryViewModel.swift */,
				1C9178B12AF64454003D84B1 /* View */,
			);
			path = HistoryScreen;
			sourceTree = "<group>";
		};
		1C9178B12AF64454003D84B1 /* View */ = {
			isa = PBXGroup;
			children = (
				1C9178B42AF64469003D84B1 /* HistoryView.swift */,
				1C9BE7772AFA1CC10036E33D /* CustomHistoryCell.swift */,
			);
			path = View;
			sourceTree = "<group>";
		};
		1C9178B62AF64CBB003D84B1 /* BagBottomScreen */ = {
			isa = PBXGroup;
			children = (
				1C9178B72AF64CD9003D84B1 /* BagBottomScreenViewController.swift */,
				1C9178B92AF64D1B003D84B1 /* View */,
			);
			path = BagBottomScreen;
			sourceTree = "<group>";
		};
		1C9178B92AF64D1B003D84B1 /* View */ = {
			isa = PBXGroup;
			children = (
				1C9178BA2AF64D28003D84B1 /* BagBottomView.swift */,
			);
			path = View;
			sourceTree = "<group>";
		};
		1C9178BF2AF79AB1003D84B1 /* Service */ = {
			isa = PBXGroup;
			children = (
				1C9178C02AF79B2A003D84B1 /* Service.swift */,
			);
			path = Service;
			sourceTree = "<group>";
		};
		1CA29E212AF3AA0600457629 /* CoreData */ = {
			isa = PBXGroup;
			children = (
				1CA29E222AF3AA1000457629 /* CoreDataStack.swift */,
			);
			path = CoreData;
			sourceTree = "<group>";
		};
		1CBF5FFB2AF3B55C00647233 /* BagScreen */ = {
			isa = PBXGroup;
			children = (
				1CBF5FFC2AF3B57000647233 /* BagViewController.swift */,
				1CBF5FFE2AF3B57300647233 /* View */,
			);
			path = BagScreen;
			sourceTree = "<group>";
		};
		1CBF5FFE2AF3B57300647233 /* View */ = {
			isa = PBXGroup;
			children = (
				1CBF5FFF2AF3B58E00647233 /* BagView.swift */,
				1CBF60012AF3BDBF00647233 /* CustomBagCell.swift */,
				1CCCCBD82AFD05C6008F33F1 /* BagAlertView.swift */,
			);
			path = View;
			sourceTree = "<group>";
		};
		1CCCCBCE2AFCB852008F33F1 /* HistoryBottomScreen */ = {
			isa = PBXGroup;
			children = (
				1CCCCBCF2AFCB894008F33F1 /* HistoryBottomSheet.swift */,
				1CCCCBD12AFCDB83008F33F1 /* CustomHistoryBottomCell.swift */,
			);
			path = HistoryBottomScreen;
			sourceTree = "<group>";
		};
		1CCF7A102AEA54D800231B31 = {
			isa = PBXGroup;
			children = (
				1CCF7A1B2AEA54D800231B31 /* neobis_ecomarket */,
				1CCF7A1A2AEA54D800231B31 /* Products */,
			);
			sourceTree = "<group>";
		};
		1CCF7A1A2AEA54D800231B31 /* Products */ = {
			isa = PBXGroup;
			children = (
				1CCF7A192AEA54D800231B31 /* neobis_ecomarket.app */,
			);
			name = Products;
			sourceTree = "<group>";
		};
		1CCF7A1B2AEA54D800231B31 /* neobis_ecomarket */ = {
			isa = PBXGroup;
			children = (
				1CCF7A312AEA608700231B31 /* MainScreen */,
				1CCF7A6E2AEE424900231B31 /* ListScreen */,
				1C9178B02AF64444003D84B1 /* HistoryScreen */,
				1CCF7A942AF2869700231B31 /* InfoScreen */,
				1C9178A52AF627AD003D84B1 /* OrderScreen */,
				1CCCCBCE2AFCB852008F33F1 /* HistoryBottomScreen */,
				1CBF5FFB2AF3B55C00647233 /* BagScreen */,
				1CCF7A912AF27F1800231B31 /* TabbarController */,
				1CCF7A782AF106C000231B31 /* ProductBottomScreen */,
				1C9178B62AF64CBB003D84B1 /* BagBottomScreen */,
				1CA29E212AF3AA0600457629 /* CoreData */,
				1CCF7A302AEA604C00231B31 /* Delegates */,
				1C9178BF2AF79AB1003D84B1 /* Service */,
				1C9178AB2AF62AF3003D84B1 /* CustomTextField */,
				1CCF7A382AEB7FCB00231B31 /* Extensions */,
				1CCF7A6B2AEBC01F00231B31 /* Models */,
				1CCF7A3B2AEB810700231B31 /* Fonts */,
				1CCF7A252AEA54D900231B31 /* Assets.xcassets */,
				1CCF7A272AEA54D900231B31 /* LaunchScreen.storyboard */,
				1CCF7A2A2AEA54D900231B31 /* Info.plist */,
				1CCF7A8E2AF266C500231B31 /* Model.xcdatamodeld */,
			);
			path = neobis_ecomarket;
			sourceTree = "<group>";
		};
		1CCF7A302AEA604C00231B31 /* Delegates */ = {
			isa = PBXGroup;
			children = (
				1CCF7A1C2AEA54D800231B31 /* AppDelegate.swift */,
				1CCF7A1E2AEA54D800231B31 /* SceneDelegate.swift */,
			);
			path = Delegates;
			sourceTree = "<group>";
		};
		1CCF7A312AEA608700231B31 /* MainScreen */ = {
			isa = PBXGroup;
			children = (
				1CCF7A202AEA54D800231B31 /* MainViewController.swift */,
				1C9178BD2AF79AA5003D84B1 /* MainViewModel.swift */,
				1CCF7A342AEA8C6300231B31 /* View */,
			);
			path = MainScreen;
			sourceTree = "<group>";
		};
		1CCF7A342AEA8C6300231B31 /* View */ = {
			isa = PBXGroup;
			children = (
				1CCF7A322AEA8C5C00231B31 /* MainView.swift */,
				1CCF7A692AEB842B00231B31 /* CustomMainViewCell.swift */,
				1CCCCBD62AFCFD02008F33F1 /* MainAlertView.swift */,
			);
			path = View;
			sourceTree = "<group>";
		};
		1CCF7A382AEB7FCB00231B31 /* Extensions */ = {
			isa = PBXGroup;
			children = (
				1CCF7A392AEB7FDD00231B31 /* extension + UIColor.swift */,
				1CCF7A3E2AEB819E00231B31 /* extension + UIFont.swift */,
				1CCF7A672AEB834000231B31 /* extension + NSObject.swift */,
				1CA29E242AF3AD5D00457629 /* extension + UIViewController.swift */,
				1C9178A32AF50F6F003D84B1 /* extension + UIImage.swift */,
				1C9178AE2AF62FD9003D84B1 /* extension + String.swift */,
			);
			path = Extensions;
			sourceTree = "<group>";
		};
		1CCF7A3B2AEB810700231B31 /* Fonts */ = {
			isa = PBXGroup;
			children = (
				1CCF7A7B2AF246F200231B31 /* inter */,
				1CCF7A422AEB825000231B31 /* ttnorm */,
			);
			path = Fonts;
			sourceTree = "<group>";
		};
		1CCF7A422AEB825000231B31 /* ttnorm */ = {
			isa = PBXGroup;
			children = (
				1CCF7A532AEB826300231B31 /* TT Norms Pro Black Italic.otf */,
				1CCF7A522AEB826300231B31 /* TT Norms Pro Black.otf */,
				1CCF7A512AEB826300231B31 /* TT Norms Pro Bold Italic.otf */,
				1CCF7A4C2AEB826300231B31 /* TT Norms Pro Bold.otf */,
				1CCF7A432AEB826200231B31 /* TT Norms Pro ExtraBlack Italic.otf */,
				1CCF7A4B2AEB826300231B31 /* TT Norms Pro ExtraBlack.otf */,
				1CCF7A462AEB826300231B31 /* TT Norms Pro ExtraBold Italic.otf */,
				1CCF7A4D2AEB826300231B31 /* TT Norms Pro ExtraBold.otf */,
				1CCF7A442AEB826200231B31 /* TT Norms Pro ExtraLight Italic.otf */,
				1CCF7A4E2AEB826300231B31 /* TT Norms Pro ExtraLight.otf */,
				1CCF7A482AEB826300231B31 /* TT Norms Pro Italic.otf */,
				1CCF7A542AEB826300231B31 /* TT Norms Pro Light Italic.otf */,
				1CCF7A452AEB826200231B31 /* TT Norms Pro Light.otf */,
				1CCF7A4F2AEB826300231B31 /* TT Norms Pro Medium Italic.otf */,
				1CCF7A4A2AEB826300231B31 /* TT Norms Pro Medium.otf */,
				1CCF7A472AEB826300231B31 /* TT Norms Pro Regular.otf */,
				1CCF7A502AEB826300231B31 /* TT Norms Pro Thin Italic.otf */,
				1CCF7A492AEB826300231B31 /* TT Norms Pro Thin.otf */,
			);
			path = ttnorm;
			sourceTree = "<group>";
		};
		1CCF7A6B2AEBC01F00231B31 /* Models */ = {
			isa = PBXGroup;
			children = (
				1CCF7A6C2AEBC04500231B31 /* ProductModel.swift */,
			);
			path = Models;
			sourceTree = "<group>";
		};
		1CCF7A6E2AEE424900231B31 /* ListScreen */ = {
			isa = PBXGroup;
			children = (
				1CCF7A6F2AEE426400231B31 /* ListVewController.swift */,
				1CCF7A712AEE426800231B31 /* View */,
			);
			path = ListScreen;
			sourceTree = "<group>";
		};
		1CCF7A712AEE426800231B31 /* View */ = {
			isa = PBXGroup;
			children = (
				1CCF7A722AEE427200231B31 /* ListView.swift */,
				1CCF7A742AEE489200231B31 /* CustomListCell.swift */,
				1CCF7A762AEFC2EC00231B31 /* CustomProductCell.swift */,
			);
			path = View;
			sourceTree = "<group>";
		};
		1CCF7A782AF106C000231B31 /* ProductBottomScreen */ = {
			isa = PBXGroup;
			children = (
				1CCF7A792AF106DF00231B31 /* ProductBottomSheet.swift */,
			);
			path = ProductBottomScreen;
			sourceTree = "<group>";
		};
		1CCF7A7B2AF246F200231B31 /* inter */ = {
			isa = PBXGroup;
			children = (
				1CCF7A842AF2470100231B31 /* Inter-Black.ttf */,
				1CCF7A7D2AF2470000231B31 /* Inter-Bold.ttf */,
				1CCF7A802AF2470000231B31 /* Inter-ExtraBold.ttf */,
				1CCF7A7C2AF2470000231B31 /* Inter-ExtraLight.ttf */,
				1CCF7A832AF2470100231B31 /* Inter-Light.ttf */,
				1CCF7A7E2AF2470000231B31 /* Inter-Medium.ttf */,
				1CCF7A822AF2470100231B31 /* Inter-Regular.ttf */,
				1CCF7A812AF2470000231B31 /* Inter-SemiBold.ttf */,
				1CCF7A7F2AF2470000231B31 /* Inter-Thin.ttf */,
			);
			path = inter;
			sourceTree = "<group>";
		};
		1CCF7A912AF27F1800231B31 /* TabbarController */ = {
			isa = PBXGroup;
			children = (
				1CCF7A922AF27F2D00231B31 /* TabbarController.swift */,
			);
			path = TabbarController;
			sourceTree = "<group>";
		};
		1CCF7A942AF2869700231B31 /* InfoScreen */ = {
			isa = PBXGroup;
			children = (
				1CCF7A952AF286A400231B31 /* InfoViewController.swift */,
				1CCF7A972AF286F000231B31 /* View */,
			);
			path = InfoScreen;
			sourceTree = "<group>";
		};
		1CCF7A972AF286F000231B31 /* View */ = {
			isa = PBXGroup;
			children = (
				1CCF7A982AF286F900231B31 /* InfoView.swift */,
			);
			path = View;
			sourceTree = "<group>";
		};
/* End PBXGroup section */

/* Begin PBXNativeTarget section */
		1CCF7A182AEA54D800231B31 /* neobis_ecomarket */ = {
			isa = PBXNativeTarget;
			buildConfigurationList = 1CCF7A2D2AEA54D900231B31 /* Build configuration list for PBXNativeTarget "neobis_ecomarket" */;
			buildPhases = (
				1CCF7A152AEA54D800231B31 /* Sources */,
				1CCF7A162AEA54D800231B31 /* Frameworks */,
				1CCF7A172AEA54D800231B31 /* Resources */,
			);
			buildRules = (
			);
			dependencies = (
			);
			name = neobis_ecomarket;
			packageProductDependencies = (
				1CCF7A362AEB7F3D00231B31 /* SnapKit */,
				1C9178C32AF8E0CA003D84B1 /* Kingfisher */,
				1CCCCBD42AFCF89B008F33F1 /* Reachability */,
			);
			productName = neobis_ecomarket;
			productReference = 1CCF7A192AEA54D800231B31 /* neobis_ecomarket.app */;
			productType = "com.apple.product-type.application";
		};
/* End PBXNativeTarget section */

/* Begin PBXProject section */
		1CCF7A112AEA54D800231B31 /* Project object */ = {
			isa = PBXProject;
			attributes = {
				BuildIndependentTargetsInParallel = 1;
				LastSwiftUpdateCheck = 1430;
				LastUpgradeCheck = 1430;
				TargetAttributes = {
					1CCF7A182AEA54D800231B31 = {
						CreatedOnToolsVersion = 14.3;
					};
				};
			};
			buildConfigurationList = 1CCF7A142AEA54D800231B31 /* Build configuration list for PBXProject "neobis_ecomarket" */;
			compatibilityVersion = "Xcode 14.0";
			developmentRegion = en;
			hasScannedForEncodings = 0;
			knownRegions = (
				en,
				Base,
			);
			mainGroup = 1CCF7A102AEA54D800231B31;
			packageReferences = (
				1CCF7A352AEB7F3D00231B31 /* XCRemoteSwiftPackageReference "Snapkit" */,
				1C9178C22AF8E0CA003D84B1 /* XCRemoteSwiftPackageReference "Kingfisher" */,
				1CCCCBD32AFCF89B008F33F1 /* XCRemoteSwiftPackageReference "Reachability" */,
			);
			productRefGroup = 1CCF7A1A2AEA54D800231B31 /* Products */;
			projectDirPath = "";
			projectRoot = "";
			targets = (
				1CCF7A182AEA54D800231B31 /* neobis_ecomarket */,
			);
		};
/* End PBXProject section */

/* Begin PBXResourcesBuildPhase section */
		1CCF7A172AEA54D800231B31 /* Resources */ = {
			isa = PBXResourcesBuildPhase;
			buildActionMask = 2147483647;
			files = (
				1CCF7A292AEA54D900231B31 /* LaunchScreen.storyboard in Resources */,
				1CCF7A5E2AEB826300231B31 /* TT Norms Pro Bold.otf in Resources */,
				1CCF7A862AF2470100231B31 /* Inter-Bold.ttf in Resources */,
				1CCF7A582AEB826300231B31 /* TT Norms Pro ExtraBold Italic.otf in Resources */,
				1CCF7A8A2AF2470100231B31 /* Inter-SemiBold.ttf in Resources */,
				1CCF7A552AEB826300231B31 /* TT Norms Pro ExtraBlack Italic.otf in Resources */,
				1CCF7A8C2AF2470100231B31 /* Inter-Light.ttf in Resources */,
				1CCF7A622AEB826300231B31 /* TT Norms Pro Thin Italic.otf in Resources */,
				1CCF7A652AEB826300231B31 /* TT Norms Pro Black Italic.otf in Resources */,
				1CCF7A5C2AEB826300231B31 /* TT Norms Pro Medium.otf in Resources */,
				1CCF7A5D2AEB826300231B31 /* TT Norms Pro ExtraBlack.otf in Resources */,
				1CCF7A8B2AF2470100231B31 /* Inter-Regular.ttf in Resources */,
				1CCF7A262AEA54D900231B31 /* Assets.xcassets in Resources */,
				1CCF7A5A2AEB826300231B31 /* TT Norms Pro Italic.otf in Resources */,
				1CCF7A852AF2470100231B31 /* Inter-ExtraLight.ttf in Resources */,
				1CCF7A8D2AF2470100231B31 /* Inter-Black.ttf in Resources */,
				1CCF7A602AEB826300231B31 /* TT Norms Pro ExtraLight.otf in Resources */,
				1CCF7A562AEB826300231B31 /* TT Norms Pro ExtraLight Italic.otf in Resources */,
				1CCF7A632AEB826300231B31 /* TT Norms Pro Bold Italic.otf in Resources */,
				1CCF7A892AF2470100231B31 /* Inter-ExtraBold.ttf in Resources */,
				1CCF7A872AF2470100231B31 /* Inter-Medium.ttf in Resources */,
				1CCF7A642AEB826300231B31 /* TT Norms Pro Black.otf in Resources */,
				1CCF7A5B2AEB826300231B31 /* TT Norms Pro Thin.otf in Resources */,
				1CCF7A5F2AEB826300231B31 /* TT Norms Pro ExtraBold.otf in Resources */,
				1CCF7A572AEB826300231B31 /* TT Norms Pro Light.otf in Resources */,
				1CCF7A882AF2470100231B31 /* Inter-Thin.ttf in Resources */,
				1CCF7A612AEB826300231B31 /* TT Norms Pro Medium Italic.otf in Resources */,
				1CCF7A662AEB826300231B31 /* TT Norms Pro Light Italic.otf in Resources */,
				1CCF7A592AEB826300231B31 /* TT Norms Pro Regular.otf in Resources */,
			);
			runOnlyForDeploymentPostprocessing = 0;
		};
/* End PBXResourcesBuildPhase section */

/* Begin PBXSourcesBuildPhase section */
		1CCF7A152AEA54D800231B31 /* Sources */ = {
			isa = PBXSourcesBuildPhase;
			buildActionMask = 2147483647;
			files = (
				1CCCCBD92AFD05C6008F33F1 /* BagAlertView.swift in Sources */,
				1C9178B32AF6445F003D84B1 /* HistoryViewController.swift in Sources */,
				1CCF7A7A2AF106DF00231B31 /* ProductBottomSheet.swift in Sources */,
				1CCCCBCD2AFB7E95008F33F1 /* OrderAlertView.swift in Sources */,
				1C9178AA2AF627DC003D84B1 /* OrderView.swift in Sources */,
				1C9178B82AF64CD9003D84B1 /* BagBottomScreenViewController.swift in Sources */,
				1C9178AF2AF62FD9003D84B1 /* extension + String.swift in Sources */,
				1CCF7A932AF27F2D00231B31 /* TabbarController.swift in Sources */,
				1CA29E252AF3AD5D00457629 /* extension + UIViewController.swift in Sources */,
				1CCCCBD72AFCFD02008F33F1 /* MainAlertView.swift in Sources */,
				1CCF7A3A2AEB7FDD00231B31 /* extension + UIColor.swift in Sources */,
				1CCCCBD02AFCB894008F33F1 /* HistoryBottomSheet.swift in Sources */,
				1C9178BB2AF64D28003D84B1 /* BagBottomView.swift in Sources */,
				1C9178B52AF64469003D84B1 /* HistoryView.swift in Sources */,
				1CCF7A902AF266C500231B31 /* Model.xcdatamodeld in Sources */,
				1C9178C12AF79B2A003D84B1 /* Service.swift in Sources */,
				1C9BE7762AFA0E770036E33D /* OrderViewModel.swift in Sources */,
				1C9178A42AF50F6F003D84B1 /* extension + UIImage.swift in Sources */,
				1CCF7A212AEA54D800231B31 /* MainViewController.swift in Sources */,
				1CCF7A752AEE489200231B31 /* CustomListCell.swift in Sources */,
				1CBF60002AF3B58E00647233 /* BagView.swift in Sources */,
				1CBF5FFD2AF3B57000647233 /* BagViewController.swift in Sources */,
				1CCF7A3F2AEB819E00231B31 /* extension + UIFont.swift in Sources */,
				1C9BE7782AFA1CC10036E33D /* CustomHistoryCell.swift in Sources */,
				1CCF7A332AEA8C5C00231B31 /* MainView.swift in Sources */,
				1CA29E232AF3AA1000457629 /* CoreDataStack.swift in Sources */,
				1CCF7A962AF286A400231B31 /* InfoViewController.swift in Sources */,
				1CCF7A702AEE426400231B31 /* ListVewController.swift in Sources */,
				1CCCCBD22AFCDB83008F33F1 /* CustomHistoryBottomCell.swift in Sources */,
				1C9BE77A2AFA22A30036E33D /* HistoryViewModel.swift in Sources */,
				1CCF7A772AEFC2EC00231B31 /* CustomProductCell.swift in Sources */,
				1CCF7A6D2AEBC04500231B31 /* ProductModel.swift in Sources */,
				1CCF7A1D2AEA54D800231B31 /* AppDelegate.swift in Sources */,
				1CCF7A1F2AEA54D800231B31 /* SceneDelegate.swift in Sources */,
				1CCF7A732AEE427200231B31 /* ListView.swift in Sources */,
				1CBF60022AF3BDBF00647233 /* CustomBagCell.swift in Sources */,
				1C9178AD2AF62B04003D84B1 /* AnimatedTextField.swift in Sources */,
				1C9178A72AF627D1003D84B1 /* OrderViewController.swift in Sources */,
				1CCF7A6A2AEB842B00231B31 /* CustomMainViewCell.swift in Sources */,
				1CCF7A992AF286F900231B31 /* InfoView.swift in Sources */,
				1CCF7A682AEB834000231B31 /* extension + NSObject.swift in Sources */,
				1C9178BE2AF79AA5003D84B1 /* MainViewModel.swift in Sources */,
			);
			runOnlyForDeploymentPostprocessing = 0;
		};
/* End PBXSourcesBuildPhase section */

/* Begin PBXVariantGroup section */
		1CCF7A272AEA54D900231B31 /* LaunchScreen.storyboard */ = {
			isa = PBXVariantGroup;
			children = (
				1CCF7A282AEA54D900231B31 /* Base */,
			);
			name = LaunchScreen.storyboard;
			sourceTree = "<group>";
		};
/* End PBXVariantGroup section */

/* Begin XCBuildConfiguration section */
		1CCF7A2B2AEA54D900231B31 /* Debug */ = {
			isa = XCBuildConfiguration;
			buildSettings = {
				ALWAYS_SEARCH_USER_PATHS = NO;
				CLANG_ANALYZER_NONNULL = YES;
				CLANG_ANALYZER_NUMBER_OBJECT_CONVERSION = YES_AGGRESSIVE;
				CLANG_CXX_LANGUAGE_STANDARD = "gnu++20";
				CLANG_ENABLE_MODULES = YES;
				CLANG_ENABLE_OBJC_ARC = YES;
				CLANG_ENABLE_OBJC_WEAK = YES;
				CLANG_WARN_BLOCK_CAPTURE_AUTORELEASING = YES;
				CLANG_WARN_BOOL_CONVERSION = YES;
				CLANG_WARN_COMMA = YES;
				CLANG_WARN_CONSTANT_CONVERSION = YES;
				CLANG_WARN_DEPRECATED_OBJC_IMPLEMENTATIONS = YES;
				CLANG_WARN_DIRECT_OBJC_ISA_USAGE = YES_ERROR;
				CLANG_WARN_DOCUMENTATION_COMMENTS = YES;
				CLANG_WARN_EMPTY_BODY = YES;
				CLANG_WARN_ENUM_CONVERSION = YES;
				CLANG_WARN_INFINITE_RECURSION = YES;
				CLANG_WARN_INT_CONVERSION = YES;
				CLANG_WARN_NON_LITERAL_NULL_CONVERSION = YES;
				CLANG_WARN_OBJC_IMPLICIT_RETAIN_SELF = YES;
				CLANG_WARN_OBJC_LITERAL_CONVERSION = YES;
				CLANG_WARN_OBJC_ROOT_CLASS = YES_ERROR;
				CLANG_WARN_QUOTED_INCLUDE_IN_FRAMEWORK_HEADER = YES;
				CLANG_WARN_RANGE_LOOP_ANALYSIS = YES;
				CLANG_WARN_STRICT_PROTOTYPES = YES;
				CLANG_WARN_SUSPICIOUS_MOVE = YES;
				CLANG_WARN_UNGUARDED_AVAILABILITY = YES_AGGRESSIVE;
				CLANG_WARN_UNREACHABLE_CODE = YES;
				CLANG_WARN__DUPLICATE_METHOD_MATCH = YES;
				COPY_PHASE_STRIP = NO;
				DEBUG_INFORMATION_FORMAT = dwarf;
				ENABLE_STRICT_OBJC_MSGSEND = YES;
				ENABLE_TESTABILITY = YES;
				GCC_C_LANGUAGE_STANDARD = gnu11;
				GCC_DYNAMIC_NO_PIC = NO;
				GCC_NO_COMMON_BLOCKS = YES;
				GCC_OPTIMIZATION_LEVEL = 0;
				GCC_PREPROCESSOR_DEFINITIONS = (
					"DEBUG=1",
					"$(inherited)",
				);
				GCC_WARN_64_TO_32_BIT_CONVERSION = YES;
				GCC_WARN_ABOUT_RETURN_TYPE = YES_ERROR;
				GCC_WARN_UNDECLARED_SELECTOR = YES;
				GCC_WARN_UNINITIALIZED_AUTOS = YES_AGGRESSIVE;
				GCC_WARN_UNUSED_FUNCTION = YES;
				GCC_WARN_UNUSED_VARIABLE = YES;
				IPHONEOS_DEPLOYMENT_TARGET = 16.4;
				MTL_ENABLE_DEBUG_INFO = INCLUDE_SOURCE;
				MTL_FAST_MATH = YES;
				ONLY_ACTIVE_ARCH = YES;
				SDKROOT = iphoneos;
				SWIFT_ACTIVE_COMPILATION_CONDITIONS = DEBUG;
				SWIFT_OPTIMIZATION_LEVEL = "-Onone";
			};
			name = Debug;
		};
		1CCF7A2C2AEA54D900231B31 /* Release */ = {
			isa = XCBuildConfiguration;
			buildSettings = {
				ALWAYS_SEARCH_USER_PATHS = NO;
				CLANG_ANALYZER_NONNULL = YES;
				CLANG_ANALYZER_NUMBER_OBJECT_CONVERSION = YES_AGGRESSIVE;
				CLANG_CXX_LANGUAGE_STANDARD = "gnu++20";
				CLANG_ENABLE_MODULES = YES;
				CLANG_ENABLE_OBJC_ARC = YES;
				CLANG_ENABLE_OBJC_WEAK = YES;
				CLANG_WARN_BLOCK_CAPTURE_AUTORELEASING = YES;
				CLANG_WARN_BOOL_CONVERSION = YES;
				CLANG_WARN_COMMA = YES;
				CLANG_WARN_CONSTANT_CONVERSION = YES;
				CLANG_WARN_DEPRECATED_OBJC_IMPLEMENTATIONS = YES;
				CLANG_WARN_DIRECT_OBJC_ISA_USAGE = YES_ERROR;
				CLANG_WARN_DOCUMENTATION_COMMENTS = YES;
				CLANG_WARN_EMPTY_BODY = YES;
				CLANG_WARN_ENUM_CONVERSION = YES;
				CLANG_WARN_INFINITE_RECURSION = YES;
				CLANG_WARN_INT_CONVERSION = YES;
				CLANG_WARN_NON_LITERAL_NULL_CONVERSION = YES;
				CLANG_WARN_OBJC_IMPLICIT_RETAIN_SELF = YES;
				CLANG_WARN_OBJC_LITERAL_CONVERSION = YES;
				CLANG_WARN_OBJC_ROOT_CLASS = YES_ERROR;
				CLANG_WARN_QUOTED_INCLUDE_IN_FRAMEWORK_HEADER = YES;
				CLANG_WARN_RANGE_LOOP_ANALYSIS = YES;
				CLANG_WARN_STRICT_PROTOTYPES = YES;
				CLANG_WARN_SUSPICIOUS_MOVE = YES;
				CLANG_WARN_UNGUARDED_AVAILABILITY = YES_AGGRESSIVE;
				CLANG_WARN_UNREACHABLE_CODE = YES;
				CLANG_WARN__DUPLICATE_METHOD_MATCH = YES;
				COPY_PHASE_STRIP = NO;
				DEBUG_INFORMATION_FORMAT = "dwarf-with-dsym";
				ENABLE_NS_ASSERTIONS = NO;
				ENABLE_STRICT_OBJC_MSGSEND = YES;
				GCC_C_LANGUAGE_STANDARD = gnu11;
				GCC_NO_COMMON_BLOCKS = YES;
				GCC_WARN_64_TO_32_BIT_CONVERSION = YES;
				GCC_WARN_ABOUT_RETURN_TYPE = YES_ERROR;
				GCC_WARN_UNDECLARED_SELECTOR = YES;
				GCC_WARN_UNINITIALIZED_AUTOS = YES_AGGRESSIVE;
				GCC_WARN_UNUSED_FUNCTION = YES;
				GCC_WARN_UNUSED_VARIABLE = YES;
				IPHONEOS_DEPLOYMENT_TARGET = 16.4;
				MTL_ENABLE_DEBUG_INFO = NO;
				MTL_FAST_MATH = YES;
				SDKROOT = iphoneos;
				SWIFT_COMPILATION_MODE = wholemodule;
				SWIFT_OPTIMIZATION_LEVEL = "-O";
				VALIDATE_PRODUCT = YES;
			};
			name = Release;
		};
		1CCF7A2E2AEA54D900231B31 /* Debug */ = {
			isa = XCBuildConfiguration;
			buildSettings = {
				ASSETCATALOG_COMPILER_APPICON_NAME = AppIcon;
				ASSETCATALOG_COMPILER_GLOBAL_ACCENT_COLOR_NAME = AccentColor;
				CODE_SIGN_STYLE = Automatic;
				CURRENT_PROJECT_VERSION = 1;
				DEVELOPMENT_TEAM = QDV7MRC2HW;
				GENERATE_INFOPLIST_FILE = YES;
				INFOPLIST_FILE = neobis_ecomarket/Info.plist;
				INFOPLIST_KEY_UIApplicationSupportsIndirectInputEvents = YES;
				INFOPLIST_KEY_UILaunchStoryboardName = LaunchScreen;
				INFOPLIST_KEY_UISupportedInterfaceOrientations = UIInterfaceOrientationPortrait;
				INFOPLIST_KEY_UISupportedInterfaceOrientations_iPad = "UIInterfaceOrientationLandscapeRight UIInterfaceOrientationPortrait";
				IPHONEOS_DEPLOYMENT_TARGET = 16.4;
				LD_RUNPATH_SEARCH_PATHS = (
					"$(inherited)",
					"@executable_path/Frameworks",
				);
				MARKETING_VERSION = 1.0;
				PRODUCT_BUNDLE_IDENTIFIER = "aidarrsh.neobis-ecomarket";
				PRODUCT_NAME = "$(TARGET_NAME)";
				SWIFT_EMIT_LOC_STRINGS = YES;
				SWIFT_VERSION = 5.0;
				TARGETED_DEVICE_FAMILY = "1,2";
			};
			name = Debug;
		};
		1CCF7A2F2AEA54D900231B31 /* Release */ = {
			isa = XCBuildConfiguration;
			buildSettings = {
				ASSETCATALOG_COMPILER_APPICON_NAME = AppIcon;
				ASSETCATALOG_COMPILER_GLOBAL_ACCENT_COLOR_NAME = AccentColor;
				CODE_SIGN_STYLE = Automatic;
				CURRENT_PROJECT_VERSION = 1;
				DEVELOPMENT_TEAM = QDV7MRC2HW;
				GENERATE_INFOPLIST_FILE = YES;
				INFOPLIST_FILE = neobis_ecomarket/Info.plist;
				INFOPLIST_KEY_UIApplicationSupportsIndirectInputEvents = YES;
				INFOPLIST_KEY_UILaunchStoryboardName = LaunchScreen;
				INFOPLIST_KEY_UISupportedInterfaceOrientations = UIInterfaceOrientationPortrait;
				INFOPLIST_KEY_UISupportedInterfaceOrientations_iPad = "UIInterfaceOrientationLandscapeRight UIInterfaceOrientationPortrait";
				IPHONEOS_DEPLOYMENT_TARGET = 16.4;
				LD_RUNPATH_SEARCH_PATHS = (
					"$(inherited)",
					"@executable_path/Frameworks",
				);
				MARKETING_VERSION = 1.0;
				PRODUCT_BUNDLE_IDENTIFIER = "aidarrsh.neobis-ecomarket";
				PRODUCT_NAME = "$(TARGET_NAME)";
				SWIFT_EMIT_LOC_STRINGS = YES;
				SWIFT_VERSION = 5.0;
				TARGETED_DEVICE_FAMILY = "1,2";
			};
			name = Release;
		};
/* End XCBuildConfiguration section */

/* Begin XCConfigurationList section */
		1CCF7A142AEA54D800231B31 /* Build configuration list for PBXProject "neobis_ecomarket" */ = {
			isa = XCConfigurationList;
			buildConfigurations = (
				1CCF7A2B2AEA54D900231B31 /* Debug */,
				1CCF7A2C2AEA54D900231B31 /* Release */,
			);
			defaultConfigurationIsVisible = 0;
			defaultConfigurationName = Release;
		};
		1CCF7A2D2AEA54D900231B31 /* Build configuration list for PBXNativeTarget "neobis_ecomarket" */ = {
			isa = XCConfigurationList;
			buildConfigurations = (
				1CCF7A2E2AEA54D900231B31 /* Debug */,
				1CCF7A2F2AEA54D900231B31 /* Release */,
			);
			defaultConfigurationIsVisible = 0;
			defaultConfigurationName = Release;
		};
/* End XCConfigurationList section */

/* Begin XCRemoteSwiftPackageReference section */
		1C9178C22AF8E0CA003D84B1 /* XCRemoteSwiftPackageReference "Kingfisher" */ = {
			isa = XCRemoteSwiftPackageReference;
			repositoryURL = "https://github.com/onevcat/Kingfisher";
			requirement = {
				kind = upToNextMajorVersion;
				minimumVersion = 7.0.0;
			};
		};
		1CCCCBD32AFCF89B008F33F1 /* XCRemoteSwiftPackageReference "Reachability" */ = {
			isa = XCRemoteSwiftPackageReference;
			repositoryURL = "https://github.com/ashleymills/Reachability.swift";
			requirement = {
				branch = master;
				kind = branch;
			};
		};
		1CCF7A352AEB7F3D00231B31 /* XCRemoteSwiftPackageReference "Snapkit" */ = {
			isa = XCRemoteSwiftPackageReference;
			repositoryURL = "https://github.com/Snapkit/Snapkit.git";
			requirement = {
				kind = upToNextMajorVersion;
				minimumVersion = 5.0.0;
			};
		};
/* End XCRemoteSwiftPackageReference section */

/* Begin XCSwiftPackageProductDependency section */
		1C9178C32AF8E0CA003D84B1 /* Kingfisher */ = {
			isa = XCSwiftPackageProductDependency;
			package = 1C9178C22AF8E0CA003D84B1 /* XCRemoteSwiftPackageReference "Kingfisher" */;
			productName = Kingfisher;
		};
		1CCCCBD42AFCF89B008F33F1 /* Reachability */ = {
			isa = XCSwiftPackageProductDependency;
			package = 1CCCCBD32AFCF89B008F33F1 /* XCRemoteSwiftPackageReference "Reachability" */;
			productName = Reachability;
		};
		1CCF7A362AEB7F3D00231B31 /* SnapKit */ = {
			isa = XCSwiftPackageProductDependency;
			package = 1CCF7A352AEB7F3D00231B31 /* XCRemoteSwiftPackageReference "Snapkit" */;
			productName = SnapKit;
		};
/* End XCSwiftPackageProductDependency section */

/* Begin XCVersionGroup section */
		1CCF7A8E2AF266C500231B31 /* Model.xcdatamodeld */ = {
			isa = XCVersionGroup;
			children = (
				1CCF7A8F2AF266C500231B31 /* Model.xcdatamodel */,
			);
			currentVersion = 1CCF7A8F2AF266C500231B31 /* Model.xcdatamodel */;
			path = Model.xcdatamodeld;
			sourceTree = "<group>";
			versionGroupType = wrapper.xcdatamodel;
		};
/* End XCVersionGroup section */
	};
	rootObject = 1CCF7A112AEA54D800231B31 /* Project object */;
}
